// !$*UTF8*$!
{
	archiveVersion = 1;
	classes = {
	};
	objectVersion = 56;
	objects = {

/* Begin PBXBuildFile section */
		DB34CEB32DAAB61B007DE17F /* App_Framework_SwiftUiApp.swift in Sources */ = {isa = PBXBuildFile; fileRef = DB34CEB22DAAB61B007DE17F /* App_Framework_SwiftUiApp.swift */; };
		DB34CEB72DAAB61D007DE17F /* Assets.xcassets in Resources */ = {isa = PBXBuildFile; fileRef = DB34CEB62DAAB61D007DE17F /* Assets.xcassets */; };
		DB34CEBA2DAAB61D007DE17F /* Preview Assets.xcassets in Resources */ = {isa = PBXBuildFile; fileRef = DB34CEB92DAAB61D007DE17F /* Preview Assets.xcassets */; };
		DB34CEC12DAAB642007DE17F /* Framework.swift in Sources */ = {isa = PBXBuildFile; fileRef = DB34CEC02DAAB642007DE17F /* Framework.swift */; };
		DB34CEC32DAABB14007DE17F /* FrameworkGridView.swift in Sources */ = {isa = PBXBuildFile; fileRef = DB34CEC22DAABB14007DE17F /* FrameworkGridView.swift */; };
		DB34CEC52DAB7D40007DE17F /* FrameDetailView.swift in Sources */ = {isa = PBXBuildFile; fileRef = DB34CEC42DAB7D40007DE17F /* FrameDetailView.swift */; };
		DB34CEC72DABB937007DE17F /* AFButton.swift in Sources */ = {isa = PBXBuildFile; fileRef = DB34CEC62DABB937007DE17F /* AFButton.swift */; };
		DB34CEC92DABC4FD007DE17F /* FrameworkGridViewModel.swift in Sources */ = {isa = PBXBuildFile; fileRef = DB34CEC82DABC4FD007DE17F /* FrameworkGridViewModel.swift */; };
		DB34CECB2DAE375A007DE17F /* SafariView.swift in Sources */ = {isa = PBXBuildFile; fileRef = DB34CECA2DAE375A007DE17F /* SafariView.swift */; };
		DB34CECD2DAED650007DE17F /* FrameworkTitleView.swift in Sources */ = {isa = PBXBuildFile; fileRef = DB34CECC2DAED650007DE17F /* FrameworkTitleView.swift */; };
		DB34CECF2DAED7B4007DE17F /* XDismissButton.swift in Sources */ = {isa = PBXBuildFile; fileRef = DB34CECE2DAED7B4007DE17F /* XDismissButton.swift */; };
/* End PBXBuildFile section */

/* Begin PBXFileReference section */
		DB34CEAF2DAAB61B007DE17F /* App-Framework_SwiftUi.app */ = {isa = PBXFileReference; explicitFileType = wrapper.application; includeInIndex = 0; path = "App-Framework_SwiftUi.app"; sourceTree = BUILT_PRODUCTS_DIR; };
		DB34CEB22DAAB61B007DE17F /* App_Framework_SwiftUiApp.swift */ = {isa = PBXFileReference; lastKnownFileType = sourcecode.swift; path = App_Framework_SwiftUiApp.swift; sourceTree = "<group>"; };
		DB34CEB62DAAB61D007DE17F /* Assets.xcassets */ = {isa = PBXFileReference; lastKnownFileType = folder.assetcatalog; path = Assets.xcassets; sourceTree = "<group>"; };
		DB34CEB92DAAB61D007DE17F /* Preview Assets.xcassets */ = {isa = PBXFileReference; lastKnownFileType = folder.assetcatalog; path = "Preview Assets.xcassets"; sourceTree = "<group>"; };
		DB34CEC02DAAB642007DE17F /* Framework.swift */ = {isa = PBXFileReference; lastKnownFileType = sourcecode.swift; path = Framework.swift; sourceTree = "<group>"; };
		DB34CEC22DAABB14007DE17F /* FrameworkGridView.swift */ = {isa = PBXFileReference; lastKnownFileType = sourcecode.swift; path = FrameworkGridView.swift; sourceTree = "<group>"; };
		DB34CEC42DAB7D40007DE17F /* FrameDetailView.swift */ = {isa = PBXFileReference; lastKnownFileType = sourcecode.swift; path = FrameDetailView.swift; sourceTree = "<group>"; };
		DB34CEC62DABB937007DE17F /* AFButton.swift */ = {isa = PBXFileReference; lastKnownFileType = sourcecode.swift; path = AFButton.swift; sourceTree = "<group>"; };
		DB34CEC82DABC4FD007DE17F /* FrameworkGridViewModel.swift */ = {isa = PBXFileReference; lastKnownFileType = sourcecode.swift; path = FrameworkGridViewModel.swift; sourceTree = "<group>"; };
		DB34CECA2DAE375A007DE17F /* SafariView.swift */ = {isa = PBXFileReference; lastKnownFileType = sourcecode.swift; path = SafariView.swift; sourceTree = "<group>"; };
		DB34CECC2DAED650007DE17F /* FrameworkTitleView.swift */ = {isa = PBXFileReference; lastKnownFileType = sourcecode.swift; path = FrameworkTitleView.swift; sourceTree = "<group>"; };
		DB34CECE2DAED7B4007DE17F /* XDismissButton.swift */ = {isa = PBXFileReference; lastKnownFileType = sourcecode.swift; path = XDismissButton.swift; sourceTree = "<group>"; };
/* End PBXFileReference section */

/* Begin PBXFrameworksBuildPhase section */
		DB34CEAC2DAAB61B007DE17F /* Frameworks */ = {
			isa = PBXFrameworksBuildPhase;
			buildActionMask = 2147483647;
			files = (
			);
			runOnlyForDeploymentPostprocessing = 0;
		};
/* End PBXFrameworksBuildPhase section */

/* Begin PBXGroup section */
		DB34CEA62DAAB61B007DE17F = {
			isa = PBXGroup;
			children = (
				DB34CEB12DAAB61B007DE17F /* App-Framework_SwiftUi */,
				DB34CEB02DAAB61B007DE17F /* Products */,
			);
			sourceTree = "<group>";
		};
		DB34CEB02DAAB61B007DE17F /* Products */ = {
			isa = PBXGroup;
			children = (
				DB34CEAF2DAAB61B007DE17F /* App-Framework_SwiftUi.app */,
			);
			name = Products;
			sourceTree = "<group>";
		};
		DB34CEB12DAAB61B007DE17F /* App-Framework_SwiftUi */ = {
			isa = PBXGroup;
			children = (
				DB34CEC02DAAB642007DE17F /* Framework.swift */,
				DB34CECE2DAED7B4007DE17F /* XDismissButton.swift */,
				DB34CEB22DAAB61B007DE17F /* App_Framework_SwiftUiApp.swift */,
				DB34CEC22DAABB14007DE17F /* FrameworkGridView.swift */,
				DB34CEC82DABC4FD007DE17F /* FrameworkGridViewModel.swift */,
				DB34CEC42DAB7D40007DE17F /* FrameDetailView.swift */,
				DB34CECA2DAE375A007DE17F /* SafariView.swift */,
				DB34CEC62DABB937007DE17F /* AFButton.swift */,
				DB34CECC2DAED650007DE17F /* FrameworkTitleView.swift */,
				DB34CEB62DAAB61D007DE17F /* Assets.xcassets */,
				DB34CEB82DAAB61D007DE17F /* Preview Content */,
			);
			path = "App-Framework_SwiftUi";
			sourceTree = "<group>";
		};
		DB34CEB82DAAB61D007DE17F /* Preview Content */ = {
			isa = PBXGroup;
			children = (
				DB34CEB92DAAB61D007DE17F /* Preview Assets.xcassets */,
			);
			path = "Preview Content";
			sourceTree = "<group>";
		};
/* End PBXGroup section */

/* Begin PBXNativeTarget section */
		DB34CEAE2DAAB61B007DE17F /* App-Framework_SwiftUi */ = {
			isa = PBXNativeTarget;
			buildConfigurationList = DB34CEBD2DAAB61D007DE17F /* Build configuration list for PBXNativeTarget "App-Framework_SwiftUi" */;
			buildPhases = (
				DB34CEAB2DAAB61B007DE17F /* Sources */,
				DB34CEAC2DAAB61B007DE17F /* Frameworks */,
				DB34CEAD2DAAB61B007DE17F /* Resources */,
			);
			buildRules = (
			);
			dependencies = (
			);
			name = "App-Framework_SwiftUi";
			productName = "App-Framework_SwiftUi";
			productReference = DB34CEAF2DAAB61B007DE17F /* App-Framework_SwiftUi.app */;
			productType = "com.apple.product-type.application";
		};
/* End PBXNativeTarget section */

/* Begin PBXProject section */
		DB34CEA72DAAB61B007DE17F /* Project object */ = {
			isa = PBXProject;
			attributes = {
				BuildIndependentTargetsInParallel = 1;
				LastSwiftUpdateCheck = 1540;
				LastUpgradeCheck = 1540;
				TargetAttributes = {
					DB34CEAE2DAAB61B007DE17F = {
						CreatedOnToolsVersion = 15.4;
					};
				};
			};
			buildConfigurationList = DB34CEAA2DAAB61B007DE17F /* Build configuration list for PBXProject "App-Framework_SwiftUi" */;
			compatibilityVersion = "Xcode 14.0";
			developmentRegion = en;
			hasScannedForEncodings = 0;
			knownRegions = (
				en,
				Base,
			);
			mainGroup = DB34CEA62DAAB61B007DE17F;
			productRefGroup = DB34CEB02DAAB61B007DE17F /* Products */;
			projectDirPath = "";
			projectRoot = "";
			targets = (
				DB34CEAE2DAAB61B007DE17F /* App-Framework_SwiftUi */,
			);
		};
/* End PBXProject section */

/* Begin PBXResourcesBuildPhase section */
		DB34CEAD2DAAB61B007DE17F /* Resources */ = {
			isa = PBXResourcesBuildPhase;
			buildActionMask = 2147483647;
			files = (
				DB34CEBA2DAAB61D007DE17F /* Preview Assets.xcassets in Resources */,
				DB34CEB72DAAB61D007DE17F /* Assets.xcassets in Resources */,
			);
			runOnlyForDeploymentPostprocessing = 0;
		};
/* End PBXResourcesBuildPhase section */

/* Begin PBXSourcesBuildPhase section */
		DB34CEAB2DAAB61B007DE17F /* Sources */ = {
			isa = PBXSourcesBuildPhase;
			buildActionMask = 2147483647;
			files = (
				DB34CEC32DAABB14007DE17F /* FrameworkGridView.swift in Sources */,
				DB34CEC52DAB7D40007DE17F /* FrameDetailView.swift in Sources */,
				DB34CECF2DAED7B4007DE17F /* XDismissButton.swift in Sources */,
				DB34CEC12DAAB642007DE17F /* Framework.swift in Sources */,
				DB34CEC72DABB937007DE17F /* AFButton.swift in Sources */,
				DB34CEB32DAAB61B007DE17F /* App_Framework_SwiftUiApp.swift in Sources */,
				DB34CEC92DABC4FD007DE17F /* FrameworkGridViewModel.swift in Sources */,
				DB34CECD2DAED650007DE17F /* FrameworkTitleView.swift in Sources */,
				DB34CECB2DAE375A007DE17F /* SafariView.swift in Sources */,
			);
			runOnlyForDeploymentPostprocessing = 0;
		};
/* End PBXSourcesBuildPhase section */

/* Begin XCBuildConfiguration section */
		DB34CEBB2DAAB61D007DE17F /* Debug */ = {
			isa = XCBuildConfiguration;
			buildSettings = {
				ALWAYS_SEARCH_USER_PATHS = NO;
				ASSETCATALOG_COMPILER_GENERATE_SWIFT_ASSET_SYMBOL_EXTENSIONS = YES;
				CLANG_ANALYZER_NONNULL = YES;
				CLANG_ANALYZER_NUMBER_OBJECT_CONVERSION = YES_AGGRESSIVE;
				CLANG_CXX_LANGUAGE_STANDARD = "gnu++20";
				CLANG_ENABLE_MODULES = YES;
				CLANG_ENABLE_OBJC_ARC = YES;
				CLANG_ENABLE_OBJC_WEAK = YES;
				CLANG_WARN_BLOCK_CAPTURE_AUTORELEASING = YES;
				CLANG_WARN_BOOL_CONVERSION = YES;
				CLANG_WARN_COMMA = YES;
				CLANG_WARN_CONSTANT_CONVERSION = YES;
				CLANG_WARN_DEPRECATED_OBJC_IMPLEMENTATIONS = YES;
				CLANG_WARN_DIRECT_OBJC_ISA_USAGE = YES_ERROR;
				CLANG_WARN_DOCUMENTATION_COMMENTS = YES;
				CLANG_WARN_EMPTY_BODY = YES;
				CLANG_WARN_ENUM_CONVERSION = YES;
				CLANG_WARN_INFINITE_RECURSION = YES;
				CLANG_WARN_INT_CONVERSION = YES;
				CLANG_WARN_NON_LITERAL_NULL_CONVERSION = YES;
				CLANG_WARN_OBJC_IMPLICIT_RETAIN_SELF = YES;
				CLANG_WARN_OBJC_LITERAL_CONVERSION = YES;
				CLANG_WARN_OBJC_ROOT_CLASS = YES_ERROR;
				CLANG_WARN_QUOTED_INCLUDE_IN_FRAMEWORK_HEADER = YES;
				CLANG_WARN_RANGE_LOOP_ANALYSIS = YES;
				CLANG_WARN_STRICT_PROTOTYPES = YES;
				CLANG_WARN_SUSPICIOUS_MOVE = YES;
				CLANG_WARN_UNGUARDED_AVAILABILITY = YES_AGGRESSIVE;
				CLANG_WARN_UNREACHABLE_CODE = YES;
				CLANG_WARN__DUPLICATE_METHOD_MATCH = YES;
				COPY_PHASE_STRIP = NO;
				DEBUG_INFORMATION_FORMAT = dwarf;
				ENABLE_STRICT_OBJC_MSGSEND = YES;
				ENABLE_TESTABILITY = YES;
				ENABLE_USER_SCRIPT_SANDBOXING = YES;
				GCC_C_LANGUAGE_STANDARD = gnu17;
				GCC_DYNAMIC_NO_PIC = NO;
				GCC_NO_COMMON_BLOCKS = YES;
				GCC_OPTIMIZATION_LEVEL = 0;
				GCC_PREPROCESSOR_DEFINITIONS = (
					"DEBUG=1",
					"$(inherited)",
				);
				GCC_WARN_64_TO_32_BIT_CONVERSION = YES;
				GCC_WARN_ABOUT_RETURN_TYPE = YES_ERROR;
				GCC_WARN_UNDECLARED_SELECTOR = YES;
				GCC_WARN_UNINITIALIZED_AUTOS = YES_AGGRESSIVE;
				GCC_WARN_UNUSED_FUNCTION = YES;
				GCC_WARN_UNUSED_VARIABLE = YES;
				IPHONEOS_DEPLOYMENT_TARGET = 17.5;
				LOCALIZATION_PREFERS_STRING_CATALOGS = YES;
				MTL_ENABLE_DEBUG_INFO = INCLUDE_SOURCE;
				MTL_FAST_MATH = YES;
				ONLY_ACTIVE_ARCH = YES;
				SDKROOT = iphoneos;
				SWIFT_ACTIVE_COMPILATION_CONDITIONS = "DEBUG $(inherited)";
				SWIFT_OPTIMIZATION_LEVEL = "-Onone";
			};
			name = Debug;
		};
		DB34CEBC2DAAB61D007DE17F /* Release */ = {
			isa = XCBuildConfiguration;
			buildSettings = {
				ALWAYS_SEARCH_USER_PATHS = NO;
				ASSETCATALOG_COMPILER_GENERATE_SWIFT_ASSET_SYMBOL_EXTENSIONS = YES;
				CLANG_ANALYZER_NONNULL = YES;
				CLANG_ANALYZER_NUMBER_OBJECT_CONVERSION = YES_AGGRESSIVE;
				CLANG_CXX_LANGUAGE_STANDARD = "gnu++20";
				CLANG_ENABLE_MODULES = YES;
				CLANG_ENABLE_OBJC_ARC = YES;
				CLANG_ENABLE_OBJC_WEAK = YES;
				CLANG_WARN_BLOCK_CAPTURE_AUTORELEASING = YES;
				CLANG_WARN_BOOL_CONVERSION = YES;
				CLANG_WARN_COMMA = YES;
				CLANG_WARN_CONSTANT_CONVERSION = YES;
				CLANG_WARN_DEPRECATED_OBJC_IMPLEMENTATIONS = YES;
				CLANG_WARN_DIRECT_OBJC_ISA_USAGE = YES_ERROR;
				CLANG_WARN_DOCUMENTATION_COMMENTS = YES;
				CLANG_WARN_EMPTY_BODY = YES;
				CLANG_WARN_ENUM_CONVERSION = YES;
				CLANG_WARN_INFINITE_RECURSION = YES;
				CLANG_WARN_INT_CONVERSION = YES;
				CLANG_WARN_NON_LITERAL_NULL_CONVERSION = YES;
				CLANG_WARN_OBJC_IMPLICIT_RETAIN_SELF = YES;
				CLANG_WARN_OBJC_LITERAL_CONVERSION = YES;
				CLANG_WARN_OBJC_ROOT_CLASS = YES_ERROR;
				CLANG_WARN_QUOTED_INCLUDE_IN_FRAMEWORK_HEADER = YES;
				CLANG_WARN_RANGE_LOOP_ANALYSIS = YES;
				CLANG_WARN_STRICT_PROTOTYPES = YES;
				CLANG_WARN_SUSPICIOUS_MOVE = YES;
				CLANG_WARN_UNGUARDED_AVAILABILITY = YES_AGGRESSIVE;
				CLANG_WARN_UNREACHABLE_CODE = YES;
				CLANG_WARN__DUPLICATE_METHOD_MATCH = YES;
				COPY_PHASE_STRIP = NO;
				DEBUG_INFORMATION_FORMAT = "dwarf-with-dsym";
				ENABLE_NS_ASSERTIONS = NO;
				ENABLE_STRICT_OBJC_MSGSEND = YES;
				ENABLE_USER_SCRIPT_SANDBOXING = YES;
				GCC_C_LANGUAGE_STANDARD = gnu17;
				GCC_NO_COMMON_BLOCKS = YES;
				GCC_WARN_64_TO_32_BIT_CONVERSION = YES;
				GCC_WARN_ABOUT_RETURN_TYPE = YES_ERROR;
				GCC_WARN_UNDECLARED_SELECTOR = YES;
				GCC_WARN_UNINITIALIZED_AUTOS = YES_AGGRESSIVE;
				GCC_WARN_UNUSED_FUNCTION = YES;
				GCC_WARN_UNUSED_VARIABLE = YES;
				IPHONEOS_DEPLOYMENT_TARGET = 17.5;
				LOCALIZATION_PREFERS_STRING_CATALOGS = YES;
				MTL_ENABLE_DEBUG_INFO = NO;
				MTL_FAST_MATH = YES;
				SDKROOT = iphoneos;
				SWIFT_COMPILATION_MODE = wholemodule;
				VALIDATE_PRODUCT = YES;
			};
			name = Release;
		};
		DB34CEBE2DAAB61D007DE17F /* Debug */ = {
			isa = XCBuildConfiguration;
			buildSettings = {
				ASSETCATALOG_COMPILER_APPICON_NAME = AppIcon;
				ASSETCATALOG_COMPILER_GLOBAL_ACCENT_COLOR_NAME = AccentColor;
				CODE_SIGN_STYLE = Automatic;
				CURRENT_PROJECT_VERSION = 1;
				DEVELOPMENT_ASSET_PATHS = "\"App-Framework_SwiftUi/Preview Content\"";
				DEVELOPMENT_TEAM = 3LUNZ43L4D;
				ENABLE_PREVIEWS = YES;
				GENERATE_INFOPLIST_FILE = YES;
				INFOPLIST_KEY_UIApplicationSceneManifest_Generation = YES;
				INFOPLIST_KEY_UIApplicationSupportsIndirectInputEvents = YES;
				INFOPLIST_KEY_UILaunchScreen_Generation = YES;
				INFOPLIST_KEY_UISupportedInterfaceOrientations_iPad = "UIInterfaceOrientationPortrait UIInterfaceOrientationPortraitUpsideDown UIInterfaceOrientationLandscapeLeft UIInterfaceOrientationLandscapeRight";
				INFOPLIST_KEY_UISupportedInterfaceOrientations_iPhone = "UIInterfaceOrientationPortrait UIInterfaceOrientationLandscapeLeft UIInterfaceOrientationLandscapeRight";
				LD_RUNPATH_SEARCH_PATHS = (
					"$(inherited)",
					"@executable_path/Frameworks",
				);
				MARKETING_VERSION = 1.0;
				PRODUCT_BUNDLE_IDENTIFIER = "com.vaibhav.App-Framework-SwiftUi";
				PRODUCT_NAME = "$(TARGET_NAME)";
				SWIFT_EMIT_LOC_STRINGS = YES;
				SWIFT_VERSION = 5.0;
				TARGETED_DEVICE_FAMILY = "1,2";
			};
			name = Debug;
		};
		DB34CEBF2DAAB61D007DE17F /* Release */ = {
			isa = XCBuildConfiguration;
			buildSettings = {
				ASSETCATALOG_COMPILER_APPICON_NAME = AppIcon;
				ASSETCATALOG_COMPILER_GLOBAL_ACCENT_COLOR_NAME = AccentColor;
				CODE_SIGN_STYLE = Automatic;
				CURRENT_PROJECT_VERSION = 1;
				DEVELOPMENT_ASSET_PATHS = "\"App-Framework_SwiftUi/Preview Content\"";
				DEVELOPMENT_TEAM = 3LUNZ43L4D;
				ENABLE_PREVIEWS = YES;
				GENERATE_INFOPLIST_FILE = YES;
				INFOPLIST_KEY_UIApplicationSceneManifest_Generation = YES;
				INFOPLIST_KEY_UIApplicationSupportsIndirectInputEvents = YES;
				INFOPLIST_KEY_UILaunchScreen_Generation = YES;
				INFOPLIST_KEY_UISupportedInterfaceOrientations_iPad = "UIInterfaceOrientationPortrait UIInterfaceOrientationPortraitUpsideDown UIInterfaceOrientationLandscapeLeft UIInterfaceOrientationLandscapeRight";
				INFOPLIST_KEY_UISupportedInterfaceOrientations_iPhone = "UIInterfaceOrientationPortrait UIInterfaceOrientationLandscapeLeft UIInterfaceOrientationLandscapeRight";
				LD_RUNPATH_SEARCH_PATHS = (
					"$(inherited)",
					"@executable_path/Frameworks",
				);
				MARKETING_VERSION = 1.0;
				PRODUCT_BUNDLE_IDENTIFIER = "com.vaibhav.App-Framework-SwiftUi";
				PRODUCT_NAME = "$(TARGET_NAME)";
				SWIFT_EMIT_LOC_STRINGS = YES;
				SWIFT_VERSION = 5.0;
				TARGETED_DEVICE_FAMILY = "1,2";
			};
			name = Release;
		};
/* End XCBuildConfiguration section */

/* Begin XCConfigurationList section */
		DB34CEAA2DAAB61B007DE17F /* Build configuration list for PBXProject "App-Framework_SwiftUi" */ = {
			isa = XCConfigurationList;
			buildConfigurations = (
				DB34CEBB2DAAB61D007DE17F /* Debug */,
				DB34CEBC2DAAB61D007DE17F /* Release */,
			);
			defaultConfigurationIsVisible = 0;
			defaultConfigurationName = Release;
		};
		DB34CEBD2DAAB61D007DE17F /* Build configuration list for PBXNativeTarget "App-Framework_SwiftUi" */ = {
			isa = XCConfigurationList;
			buildConfigurations = (
				DB34CEBE2DAAB61D007DE17F /* Debug */,
				DB34CEBF2DAAB61D007DE17F /* Release */,
			);
			defaultConfigurationIsVisible = 0;
			defaultConfigurationName = Release;
		};
/* End XCConfigurationList section */
	};
	rootObject = DB34CEA72DAAB61B007DE17F /* Project object */;
}
